// !$*UTF8*$!
{
	archiveVersion = 1;
	classes = {
	};
	objectVersion = 77;
	objects = {

/* Begin PBXBuildFile section */
		76119AB52EFEDB2F00237349 /* FeedAction.swift in Sources */ = {isa = PBXBuildFile; fileRef = 76119AB32EFEDB2F00237349 /* FeedAction.swift */; };
		76119ABB2EFEE52100237349 /* FormatDate.swift in Sources */ = {isa = PBXBuildFile; fileRef = 76119ABA2EFEE52100237349 /* FormatDate.swift */; };
		76119AC02EFF11E500237349 /* FollowersView.swift in Sources */ = {isa = PBXBuildFile; fileRef = 76119ABD2EFF11E500237349 /* FollowersView.swift */; };
		76119AC12EFF11E500237349 /* FollowingView.swift in Sources */ = {isa = PBXBuildFile; fileRef = 76119ABE2EFF11E500237349 /* FollowingView.swift */; };
		761C503B2EE3ABFC0053AD1F /* Assets.xcassets in Resources */ = {isa = PBXBuildFile; fileRef = 761C50352EE3ABFC0053AD1F /* Assets.xcassets */; };
		761C50402EE3ABFC0053AD1F /* HomeView.swift in Sources */ = {isa = PBXBuildFile; fileRef = 761C50362EE3ABFC0053AD1F /* HomeView.swift */; };
		761C50422EE3ABFC0053AD1F /* jamlyApp.swift in Sources */ = {isa = PBXBuildFile; fileRef = 761C50382EE3ABFC0053AD1F /* jamlyApp.swift */; };
		761C50552EE447BD0053AD1F /* MainTabView.swift in Sources */ = {isa = PBXBuildFile; fileRef = 761C50542EE447BD0053AD1F /* MainTabView.swift */; };
		761C505C2EE458420053AD1F /* APIError.swift in Sources */ = {isa = PBXBuildFile; fileRef = 761C505B2EE458420053AD1F /* APIError.swift */; };
		761C505E2EE458450053AD1F /* APIClient.swift in Sources */ = {isa = PBXBuildFile; fileRef = 761C505D2EE458450053AD1F /* APIClient.swift */; };
		761C50632EE458880053AD1F /* AuthManager.swift in Sources */ = {isa = PBXBuildFile; fileRef = 761C50622EE458880053AD1F /* AuthManager.swift */; };
		761C50702EE45EB10053AD1F /* OtpLoginView.swift in Sources */ = {isa = PBXBuildFile; fileRef = 761C506F2EE45EB10053AD1F /* OtpLoginView.swift */; };
		761C508B2EE47C350053AD1F /* ProfileView.swift in Sources */ = {isa = PBXBuildFile; fileRef = 761C508A2EE47C350053AD1F /* ProfileView.swift */; };
		76204DCC2EE78A8B004C9C93 /* CreatePostView.swift in Sources */ = {isa = PBXBuildFile; fileRef = 76204DCB2EE78A8B004C9C93 /* CreatePostView.swift */; };
		762D6AE22EE6FBB30022C539 /* ChatsView.swift in Sources */ = {isa = PBXBuildFile; fileRef = 762D6AE12EE6FBB30022C539 /* ChatsView.swift */; };
		76381C532F04338E008BB4B0 /* ProfileViewModel.swift in Sources */ = {isa = PBXBuildFile; fileRef = 76381C522F04338E008BB4B0 /* ProfileViewModel.swift */; };
		76381C582F0440C6008BB4B0 /* PostViewModel.swift in Sources */ = {isa = PBXBuildFile; fileRef = 76381C572F0440C6008BB4B0 /* PostViewModel.swift */; };
		76385AC32EE76651000B0320 /* PostAction.swift in Sources */ = {isa = PBXBuildFile; fileRef = 76385AC22EE76651000B0320 /* PostAction.swift */; };
		76385AC52EE767EC000B0320 /* Post.swift in Sources */ = {isa = PBXBuildFile; fileRef = 76385AC42EE767EC000B0320 /* Post.swift */; };
		763EF3AD2EE5D3490096A522 /* Poppins-ExtraBoldItalic.ttf in Resources */ = {isa = PBXBuildFile; fileRef = 763EF3AA2EE5D3490096A522 /* Poppins-ExtraBoldItalic.ttf */; };
		763EF3AE2EE5D3490096A522 /* Poppins-BoldItalic.ttf in Resources */ = {isa = PBXBuildFile; fileRef = 763EF3A92EE5D3490096A522 /* Poppins-BoldItalic.ttf */; };
		763EF3AF2EE5D3490096A522 /* Poppins-SemiBoldItalic.ttf in Resources */ = {isa = PBXBuildFile; fileRef = 763EF3AC2EE5D3490096A522 /* Poppins-SemiBoldItalic.ttf */; };
		763EF3B02EE5D3490096A522 /* Poppins-MediumItalic.ttf in Resources */ = {isa = PBXBuildFile; fileRef = 763EF3AB2EE5D3490096A522 /* Poppins-MediumItalic.ttf */; };
		763EF3B42EE5D5380096A522 /* LoginView.swift in Sources */ = {isa = PBXBuildFile; fileRef = 763EF3B32EE5D5380096A522 /* LoginView.swift */; };
		763EF3B72EE5E53F0096A522 /* ValidatorSchemas.swift in Sources */ = {isa = PBXBuildFile; fileRef = 763EF3B62EE5E53F0096A522 /* ValidatorSchemas.swift */; };
		763EF3B92EE5FCBE0096A522 /* SplashScreenView.swift in Sources */ = {isa = PBXBuildFile; fileRef = 763EF3B82EE5FCBE0096A522 /* SplashScreenView.swift */; };
		763EF3C02EE5FEFF0096A522 /* Color+Extensions.swift in Sources */ = {isa = PBXBuildFile; fileRef = 763EF3BE2EE5FE580096A522 /* Color+Extensions.swift */; };
		763EF3C22EE600E00096A522 /* BrandingView.swift in Sources */ = {isa = PBXBuildFile; fileRef = 763EF3C12EE600E00096A522 /* BrandingView.swift */; };
		763EF3C42EE614C00096A522 /* DiscoverView.swift in Sources */ = {isa = PBXBuildFile; fileRef = 763EF3C32EE614C00096A522 /* DiscoverView.swift */; };
		7642FF722EE783BA0063DE3A /* ImagePicker.swift in Sources */ = {isa = PBXBuildFile; fileRef = 7642FF712EE783BA0063DE3A /* ImagePicker.swift */; };
		7642FF742EE783BF0063DE3A /* MusicPickerView.swift in Sources */ = {isa = PBXBuildFile; fileRef = 7642FF732EE783BF0063DE3A /* MusicPickerView.swift */; };
		7665D4792F02964100D420C1 /* ImageSourceSheet.swift in Sources */ = {isa = PBXBuildFile; fileRef = 7665D4782F02964100D420C1 /* ImageSourceSheet.swift */; };
		766998A02EE4EA9600A73250 /* PlaylistDetailView.swift in Sources */ = {isa = PBXBuildFile; fileRef = 7669989F2EE4EA9600A73250 /* PlaylistDetailView.swift */; };
		766AF0B32F0D9D32006D36A0 /* ProfilePostThumbnail.swift in Sources */ = {isa = PBXBuildFile; fileRef = 766AF0B22F0D9D32006D36A0 /* ProfilePostThumbnail.swift */; };
		76883ED82EE50047006A3955 /* UserAction.swift in Sources */ = {isa = PBXBuildFile; fileRef = 76883ED62EE50047006A3955 /* UserAction.swift */; };
		76883EDB2EE5004E006A3955 /* LoginAction.swift in Sources */ = {isa = PBXBuildFile; fileRef = 76883ED92EE5004E006A3955 /* LoginAction.swift */; };
		76883EDE2EE50055006A3955 /* TabBar.swift in Sources */ = {isa = PBXBuildFile; fileRef = 76883EDC2EE50055006A3955 /* TabBar.swift */; };
		76883EE12EE5005C006A3955 /* PostCard.swift in Sources */ = {isa = PBXBuildFile; fileRef = 76883EDF2EE5005C006A3955 /* PostCard.swift */; };
		76883EE42EE50062006A3955 /* HomeFeed.swift in Sources */ = {isa = PBXBuildFile; fileRef = 76883EE22EE50062006A3955 /* HomeFeed.swift */; };
		76883EE82EE50107006A3955 /* User.swift in Sources */ = {isa = PBXBuildFile; fileRef = 76883EE72EE50107006A3955 /* User.swift */; };
		76883EEA2EE501A7006A3955 /* SecureStore.swift in Sources */ = {isa = PBXBuildFile; fileRef = 76883EE92EE501A7006A3955 /* SecureStore.swift */; };
		76883EEC2EE501AC006A3955 /* UserStore.swift in Sources */ = {isa = PBXBuildFile; fileRef = 76883EEB2EE501AC006A3955 /* UserStore.swift */; };
		76883EFE2EE5CF03006A3955 /* Poppins-SemiBold.ttf in Resources */ = {isa = PBXBuildFile; fileRef = 76883EFD2EE5CF03006A3955 /* Poppins-SemiBold.ttf */; };
		76883EFF2EE5CF03006A3955 /* Poppins-Medium.ttf in Resources */ = {isa = PBXBuildFile; fileRef = 76883EFB2EE5CF03006A3955 /* Poppins-Medium.ttf */; };
		76883F002EE5CF03006A3955 /* Poppins-Regular.ttf in Resources */ = {isa = PBXBuildFile; fileRef = 76883EFC2EE5CF03006A3955 /* Poppins-Regular.ttf */; };
		76883F012EE5CF03006A3955 /* Poppins-Light.ttf in Resources */ = {isa = PBXBuildFile; fileRef = 76883EFA2EE5CF03006A3955 /* Poppins-Light.ttf */; };
		76883F022EE5CF03006A3955 /* Poppins-Bold.ttf in Resources */ = {isa = PBXBuildFile; fileRef = 76883EF92EE5CF03006A3955 /* Poppins-Bold.ttf */; };
		768FFC872F03307C00388CB7 /* PostDetailedView.swift in Sources */ = {isa = PBXBuildFile; fileRef = 768FFC862F03307C00388CB7 /* PostDetailedView.swift */; };
		76A2D3C12EE4B24500AA6F6E /* MusicManager.swift in Sources */ = {isa = PBXBuildFile; fileRef = 76A2D3C02EE4B24500AA6F6E /* MusicManager.swift */; };
		76A2D3C42EE4B28200AA6F6E /* MusicPlaylistsView.swift in Sources */ = {isa = PBXBuildFile; fileRef = 76A2D3C32EE4B28200AA6F6E /* MusicPlaylistsView.swift */; };
		76BB5C482EE4F699007B92EB /* Inject in Frameworks */ = {isa = PBXBuildFile; productRef = 76BB5C472EE4F699007B92EB /* Inject */; };
		76C8951A2F089F2D0087166B /* ChatDetailView.swift in Sources */ = {isa = PBXBuildFile; fileRef = 76C895192F089F2D0087166B /* ChatDetailView.swift */; };
		76D554372EEC2CB600244164 /* Header.swift in Sources */ = {isa = PBXBuildFile; fileRef = 76D554362EEC2CB600244164 /* Header.swift */; };
		7918D9F12F095C6A00F33AB2 /* UserRow.swift in Sources */ = {isa = PBXBuildFile; fileRef = 7918D9F02F095C6500F33AB2 /* UserRow.swift */; };
		7919EE392EF87C4B00C3C63A /* CommentsSheetView.swift in Sources */ = {isa = PBXBuildFile; fileRef = 7919EE382EF87C4B00C3C63A /* CommentsSheetView.swift */; };
		7933238A2EF80A230040755F /* CommentRow.swift in Sources */ = {isa = PBXBuildFile; fileRef = 793323892EF80A230040755F /* CommentRow.swift */; };
		793323952EF840D80040755F /* PostView.swift in Sources */ = {isa = PBXBuildFile; fileRef = 793323942EF840D80040755F /* PostView.swift */; };
		796A842A2F097A760099766F /* SearchComponents.swift in Sources */ = {isa = PBXBuildFile; fileRef = 796A84292F097A760099766F /* SearchComponents.swift */; };
		796C8C4C2F055F8400EBC3D9 /* CommentViewModel.swift in Sources */ = {isa = PBXBuildFile; fileRef = 796C8C4B2F055F8000EBC3D9 /* CommentViewModel.swift */; };
		79A65FBB2F02938F000E4FAE /* CommentAction.swift in Sources */ = {isa = PBXBuildFile; fileRef = 79A65FBA2F02937D000E4FAE /* CommentAction.swift */; };
		79A65FBD2F029600000E4FAE /* Comment.swift in Sources */ = {isa = PBXBuildFile; fileRef = 79A65FBC2F0295FE000E4FAE /* Comment.swift */; };
		79CA2F1F2F032BD5002C55CC /* FollowingAction.swift in Sources */ = {isa = PBXBuildFile; fileRef = 79CA2F1E2F032BD2002C55CC /* FollowingAction.swift */; };
		79CA2F222F033085002C55CC /* FollowerAction.swift in Sources */ = {isa = PBXBuildFile; fileRef = 79CA2F212F033082002C55CC /* FollowerAction.swift */; };
		79FA25B52F057261008A9398 /* FollowerViewModel.swift in Sources */ = {isa = PBXBuildFile; fileRef = 79FA25B42F05725B008A9398 /* FollowerViewModel.swift */; };
		79FA25B92F057272008A9398 /* FollowingViewModel.swift in Sources */ = {isa = PBXBuildFile; fileRef = 79FA25B82F05726E008A9398 /* FollowingViewModel.swift */; };
		C338C8EF2EEC71C200916AED /* SearchView.swift in Sources */ = {isa = PBXBuildFile; fileRef = C338C8EE2EEC71BC00916AED /* SearchView.swift */; };
		C39A5DCC2F04686800945A76 /* Search.swift in Sources */ = {isa = PBXBuildFile; fileRef = C39A5DCB2F04686800945A76 /* Search.swift */; };
		C39A5DCE2F0468AE00945A76 /* SearchAction.swift in Sources */ = {isa = PBXBuildFile; fileRef = C39A5DCD2F0468AE00945A76 /* SearchAction.swift */; };
		C39A5DD12F046B9600945A76 /* SearchViewModel.swift in Sources */ = {isa = PBXBuildFile; fileRef = C39A5DD02F046B9600945A76 /* SearchViewModel.swift */; };
		C39A5DD32F046C0E00945A76 /* SearchHistoryManager.swift in Sources */ = {isa = PBXBuildFile; fileRef = C39A5DD22F046C0E00945A76 /* SearchHistoryManager.swift */; };
		C3A4B15A2F01D3AA004F721A /* SearchResultsView.swift in Sources */ = {isa = PBXBuildFile; fileRef = C3A4B1592F01D3A1004F721A /* SearchResultsView.swift */; };
/* End PBXBuildFile section */

/* Begin PBXContainerItemProxy section */
		761C4FFC2EE392D70053AD1F /* PBXContainerItemProxy */ = {
			isa = PBXContainerItemProxy;
			containerPortal = 761C4FE42EE392D60053AD1F /* Project object */;
			proxyType = 1;
			remoteGlobalIDString = 761C4FEB2EE392D60053AD1F;
			remoteInfo = jamly;
		};
		761C50062EE392D70053AD1F /* PBXContainerItemProxy */ = {
			isa = PBXContainerItemProxy;
			containerPortal = 761C4FE42EE392D60053AD1F /* Project object */;
			proxyType = 1;
			remoteGlobalIDString = 761C4FEB2EE392D60053AD1F;
			remoteInfo = jamly;
		};
/* End PBXContainerItemProxy section */

/* Begin PBXFileReference section */
		76119AB32EFEDB2F00237349 /* FeedAction.swift */ = {isa = PBXFileReference; lastKnownFileType = sourcecode.swift; path = FeedAction.swift; sourceTree = "<group>"; };
		76119ABA2EFEE52100237349 /* FormatDate.swift */ = {isa = PBXFileReference; lastKnownFileType = sourcecode.swift; path = FormatDate.swift; sourceTree = "<group>"; };
		76119ABD2EFF11E500237349 /* FollowersView.swift */ = {isa = PBXFileReference; lastKnownFileType = sourcecode.swift; path = FollowersView.swift; sourceTree = "<group>"; };
		76119ABE2EFF11E500237349 /* FollowingView.swift */ = {isa = PBXFileReference; lastKnownFileType = sourcecode.swift; path = FollowingView.swift; sourceTree = "<group>"; };
		761C4FEC2EE392D60053AD1F /* jamly.app */ = {isa = PBXFileReference; explicitFileType = wrapper.application; includeInIndex = 0; path = jamly.app; sourceTree = BUILT_PRODUCTS_DIR; };
		761C4FFB2EE392D70053AD1F /* jamlyTests.xctest */ = {isa = PBXFileReference; explicitFileType = wrapper.cfbundle; includeInIndex = 0; path = jamlyTests.xctest; sourceTree = BUILT_PRODUCTS_DIR; };
		761C50052EE392D70053AD1F /* jamlyUITests.xctest */ = {isa = PBXFileReference; explicitFileType = wrapper.cfbundle; includeInIndex = 0; path = jamlyUITests.xctest; sourceTree = BUILT_PRODUCTS_DIR; };
		761C50352EE3ABFC0053AD1F /* Assets.xcassets */ = {isa = PBXFileReference; lastKnownFileType = folder.assetcatalog; path = Assets.xcassets; sourceTree = "<group>"; };
		761C50362EE3ABFC0053AD1F /* HomeView.swift */ = {isa = PBXFileReference; lastKnownFileType = sourcecode.swift; path = HomeView.swift; sourceTree = "<group>"; };
		761C50382EE3ABFC0053AD1F /* jamlyApp.swift */ = {isa = PBXFileReference; lastKnownFileType = sourcecode.swift; path = jamlyApp.swift; sourceTree = "<group>"; };
		761C50542EE447BD0053AD1F /* MainTabView.swift */ = {isa = PBXFileReference; lastKnownFileType = sourcecode.swift; path = MainTabView.swift; sourceTree = "<group>"; };
		761C505B2EE458420053AD1F /* APIError.swift */ = {isa = PBXFileReference; lastKnownFileType = sourcecode.swift; path = APIError.swift; sourceTree = "<group>"; };
		761C505D2EE458450053AD1F /* APIClient.swift */ = {isa = PBXFileReference; lastKnownFileType = sourcecode.swift; path = APIClient.swift; sourceTree = "<group>"; };
		761C50622EE458880053AD1F /* AuthManager.swift */ = {isa = PBXFileReference; lastKnownFileType = sourcecode.swift; path = AuthManager.swift; sourceTree = "<group>"; };
		761C506F2EE45EB10053AD1F /* OtpLoginView.swift */ = {isa = PBXFileReference; lastKnownFileType = sourcecode.swift; path = OtpLoginView.swift; sourceTree = "<group>"; };
		761C508A2EE47C350053AD1F /* ProfileView.swift */ = {isa = PBXFileReference; lastKnownFileType = sourcecode.swift; path = ProfileView.swift; sourceTree = "<group>"; };
		76204DCB2EE78A8B004C9C93 /* CreatePostView.swift */ = {isa = PBXFileReference; lastKnownFileType = sourcecode.swift; path = CreatePostView.swift; sourceTree = "<group>"; };
		762D6AE12EE6FBB30022C539 /* ChatsView.swift */ = {isa = PBXFileReference; lastKnownFileType = sourcecode.swift; path = ChatsView.swift; sourceTree = "<group>"; };
		76381C522F04338E008BB4B0 /* ProfileViewModel.swift */ = {isa = PBXFileReference; lastKnownFileType = sourcecode.swift; path = ProfileViewModel.swift; sourceTree = "<group>"; };
		76381C572F0440C6008BB4B0 /* PostViewModel.swift */ = {isa = PBXFileReference; lastKnownFileType = sourcecode.swift; path = PostViewModel.swift; sourceTree = "<group>"; };
		76385AC22EE76651000B0320 /* PostAction.swift */ = {isa = PBXFileReference; lastKnownFileType = sourcecode.swift; path = PostAction.swift; sourceTree = "<group>"; };
		76385AC42EE767EC000B0320 /* Post.swift */ = {isa = PBXFileReference; lastKnownFileType = sourcecode.swift; path = Post.swift; sourceTree = "<group>"; };
		763EF3A92EE5D3490096A522 /* Poppins-BoldItalic.ttf */ = {isa = PBXFileReference; lastKnownFileType = file; path = "Poppins-BoldItalic.ttf"; sourceTree = "<group>"; };
		763EF3AA2EE5D3490096A522 /* Poppins-ExtraBoldItalic.ttf */ = {isa = PBXFileReference; lastKnownFileType = file; path = "Poppins-ExtraBoldItalic.ttf"; sourceTree = "<group>"; };
		763EF3AB2EE5D3490096A522 /* Poppins-MediumItalic.ttf */ = {isa = PBXFileReference; lastKnownFileType = file; path = "Poppins-MediumItalic.ttf"; sourceTree = "<group>"; };
		763EF3AC2EE5D3490096A522 /* Poppins-SemiBoldItalic.ttf */ = {isa = PBXFileReference; lastKnownFileType = file; path = "Poppins-SemiBoldItalic.ttf"; sourceTree = "<group>"; };
		763EF3B32EE5D5380096A522 /* LoginView.swift */ = {isa = PBXFileReference; lastKnownFileType = sourcecode.swift; path = LoginView.swift; sourceTree = "<group>"; };
		763EF3B62EE5E53F0096A522 /* ValidatorSchemas.swift */ = {isa = PBXFileReference; lastKnownFileType = sourcecode.swift; path = ValidatorSchemas.swift; sourceTree = "<group>"; };
		763EF3B82EE5FCBE0096A522 /* SplashScreenView.swift */ = {isa = PBXFileReference; lastKnownFileType = sourcecode.swift; path = SplashScreenView.swift; sourceTree = "<group>"; };
		763EF3BE2EE5FE580096A522 /* Color+Extensions.swift */ = {isa = PBXFileReference; lastKnownFileType = sourcecode.swift; path = "Color+Extensions.swift"; sourceTree = "<group>"; };
		763EF3C12EE600E00096A522 /* BrandingView.swift */ = {isa = PBXFileReference; lastKnownFileType = sourcecode.swift; path = BrandingView.swift; sourceTree = "<group>"; };
		763EF3C32EE614C00096A522 /* DiscoverView.swift */ = {isa = PBXFileReference; lastKnownFileType = sourcecode.swift; path = DiscoverView.swift; sourceTree = "<group>"; };
		7642FF712EE783BA0063DE3A /* ImagePicker.swift */ = {isa = PBXFileReference; lastKnownFileType = sourcecode.swift; path = ImagePicker.swift; sourceTree = "<group>"; };
		7642FF732EE783BF0063DE3A /* MusicPickerView.swift */ = {isa = PBXFileReference; lastKnownFileType = sourcecode.swift; path = MusicPickerView.swift; sourceTree = "<group>"; };
		7665D4782F02964100D420C1 /* ImageSourceSheet.swift */ = {isa = PBXFileReference; lastKnownFileType = sourcecode.swift; path = ImageSourceSheet.swift; sourceTree = "<group>"; };
		7669989F2EE4EA9600A73250 /* PlaylistDetailView.swift */ = {isa = PBXFileReference; lastKnownFileType = sourcecode.swift; path = PlaylistDetailView.swift; sourceTree = "<group>"; };
		766AF0B22F0D9D32006D36A0 /* ProfilePostThumbnail.swift */ = {isa = PBXFileReference; lastKnownFileType = sourcecode.swift; path = ProfilePostThumbnail.swift; sourceTree = "<group>"; };
		76883ED62EE50047006A3955 /* UserAction.swift */ = {isa = PBXFileReference; lastKnownFileType = sourcecode.swift; path = UserAction.swift; sourceTree = "<group>"; };
		76883ED92EE5004E006A3955 /* LoginAction.swift */ = {isa = PBXFileReference; lastKnownFileType = sourcecode.swift; path = LoginAction.swift; sourceTree = "<group>"; };
		76883EDC2EE50055006A3955 /* TabBar.swift */ = {isa = PBXFileReference; lastKnownFileType = sourcecode.swift; path = TabBar.swift; sourceTree = "<group>"; };
		76883EDF2EE5005C006A3955 /* PostCard.swift */ = {isa = PBXFileReference; lastKnownFileType = sourcecode.swift; path = PostCard.swift; sourceTree = "<group>"; };
		76883EE22EE50062006A3955 /* HomeFeed.swift */ = {isa = PBXFileReference; lastKnownFileType = sourcecode.swift; path = HomeFeed.swift; sourceTree = "<group>"; };
		76883EE72EE50107006A3955 /* User.swift */ = {isa = PBXFileReference; lastKnownFileType = sourcecode.swift; path = User.swift; sourceTree = "<group>"; };
		76883EE92EE501A7006A3955 /* SecureStore.swift */ = {isa = PBXFileReference; lastKnownFileType = sourcecode.swift; path = SecureStore.swift; sourceTree = "<group>"; };
		76883EEB2EE501AC006A3955 /* UserStore.swift */ = {isa = PBXFileReference; lastKnownFileType = sourcecode.swift; path = UserStore.swift; sourceTree = "<group>"; };
		76883EF92EE5CF03006A3955 /* Poppins-Bold.ttf */ = {isa = PBXFileReference; lastKnownFileType = file; path = "Poppins-Bold.ttf"; sourceTree = "<group>"; };
		76883EFA2EE5CF03006A3955 /* Poppins-Light.ttf */ = {isa = PBXFileReference; lastKnownFileType = file; path = "Poppins-Light.ttf"; sourceTree = "<group>"; };
		76883EFB2EE5CF03006A3955 /* Poppins-Medium.ttf */ = {isa = PBXFileReference; lastKnownFileType = file; path = "Poppins-Medium.ttf"; sourceTree = "<group>"; };
		76883EFC2EE5CF03006A3955 /* Poppins-Regular.ttf */ = {isa = PBXFileReference; lastKnownFileType = file; path = "Poppins-Regular.ttf"; sourceTree = "<group>"; };
		76883EFD2EE5CF03006A3955 /* Poppins-SemiBold.ttf */ = {isa = PBXFileReference; lastKnownFileType = file; path = "Poppins-SemiBold.ttf"; sourceTree = "<group>"; };
		768FFC862F03307C00388CB7 /* PostDetailedView.swift */ = {isa = PBXFileReference; lastKnownFileType = sourcecode.swift; path = PostDetailedView.swift; sourceTree = "<group>"; };
		76A2D3BC2EE4AF0800AA6F6E /* jamly.entitlements */ = {isa = PBXFileReference; lastKnownFileType = text.plist.entitlements; path = jamly.entitlements; sourceTree = "<group>"; };
		76A2D3BD2EE4AF2A00AA6F6E /* Info.plist */ = {isa = PBXFileReference; lastKnownFileType = text.plist; path = Info.plist; sourceTree = "<group>"; };
		76A2D3C02EE4B24500AA6F6E /* MusicManager.swift */ = {isa = PBXFileReference; lastKnownFileType = sourcecode.swift; path = MusicManager.swift; sourceTree = "<group>"; };
		76A2D3C32EE4B28200AA6F6E /* MusicPlaylistsView.swift */ = {isa = PBXFileReference; lastKnownFileType = sourcecode.swift; path = MusicPlaylistsView.swift; sourceTree = "<group>"; };
		76C895192F089F2D0087166B /* ChatDetailView.swift */ = {isa = PBXFileReference; lastKnownFileType = sourcecode.swift; path = ChatDetailView.swift; sourceTree = "<group>"; };
		76D554362EEC2CB600244164 /* Header.swift */ = {isa = PBXFileReference; lastKnownFileType = sourcecode.swift; path = Header.swift; sourceTree = "<group>"; };
		7918D9F02F095C6500F33AB2 /* UserRow.swift */ = {isa = PBXFileReference; lastKnownFileType = sourcecode.swift; path = UserRow.swift; sourceTree = "<group>"; };
		7919EE382EF87C4B00C3C63A /* CommentsSheetView.swift */ = {isa = PBXFileReference; lastKnownFileType = sourcecode.swift; path = CommentsSheetView.swift; sourceTree = "<group>"; };
		793323892EF80A230040755F /* CommentRow.swift */ = {isa = PBXFileReference; lastKnownFileType = sourcecode.swift; path = CommentRow.swift; sourceTree = "<group>"; };
		793323942EF840D80040755F /* PostView.swift */ = {isa = PBXFileReference; lastKnownFileType = sourcecode.swift; path = PostView.swift; sourceTree = "<group>"; };
		796A84292F097A760099766F /* SearchComponents.swift */ = {isa = PBXFileReference; lastKnownFileType = sourcecode.swift; path = SearchComponents.swift; sourceTree = "<group>"; };
		796C8C4B2F055F8000EBC3D9 /* CommentViewModel.swift */ = {isa = PBXFileReference; lastKnownFileType = sourcecode.swift; path = CommentViewModel.swift; sourceTree = "<group>"; };
		79A65FBA2F02937D000E4FAE /* CommentAction.swift */ = {isa = PBXFileReference; lastKnownFileType = sourcecode.swift; path = CommentAction.swift; sourceTree = "<group>"; };
		79A65FBC2F0295FE000E4FAE /* Comment.swift */ = {isa = PBXFileReference; lastKnownFileType = sourcecode.swift; path = Comment.swift; sourceTree = "<group>"; };
		79CA2F1E2F032BD2002C55CC /* FollowingAction.swift */ = {isa = PBXFileReference; lastKnownFileType = sourcecode.swift; path = FollowingAction.swift; sourceTree = "<group>"; };
		79CA2F212F033082002C55CC /* FollowerAction.swift */ = {isa = PBXFileReference; lastKnownFileType = sourcecode.swift; path = FollowerAction.swift; sourceTree = "<group>"; };
		79FA25B42F05725B008A9398 /* FollowerViewModel.swift */ = {isa = PBXFileReference; lastKnownFileType = sourcecode.swift; path = FollowerViewModel.swift; sourceTree = "<group>"; };
		79FA25B82F05726E008A9398 /* FollowingViewModel.swift */ = {isa = PBXFileReference; lastKnownFileType = sourcecode.swift; path = FollowingViewModel.swift; sourceTree = "<group>"; };
		C338C8EE2EEC71BC00916AED /* SearchView.swift */ = {isa = PBXFileReference; lastKnownFileType = sourcecode.swift; path = SearchView.swift; sourceTree = "<group>"; };
		C39A5DCB2F04686800945A76 /* Search.swift */ = {isa = PBXFileReference; lastKnownFileType = sourcecode.swift; path = Search.swift; sourceTree = "<group>"; };
		C39A5DCD2F0468AE00945A76 /* SearchAction.swift */ = {isa = PBXFileReference; lastKnownFileType = sourcecode.swift; path = SearchAction.swift; sourceTree = "<group>"; };
		C39A5DD02F046B9600945A76 /* SearchViewModel.swift */ = {isa = PBXFileReference; lastKnownFileType = sourcecode.swift; path = SearchViewModel.swift; sourceTree = "<group>"; };
		C39A5DD22F046C0E00945A76 /* SearchHistoryManager.swift */ = {isa = PBXFileReference; lastKnownFileType = sourcecode.swift; path = SearchHistoryManager.swift; sourceTree = "<group>"; };
		C3A4B1592F01D3A1004F721A /* SearchResultsView.swift */ = {isa = PBXFileReference; lastKnownFileType = sourcecode.swift; path = SearchResultsView.swift; sourceTree = "<group>"; };
/* End PBXFileReference section */

/* Begin PBXFileSystemSynchronizedRootGroup section */
		761C4FFE2EE392D70053AD1F /* jamlyTests */ = {
			isa = PBXFileSystemSynchronizedRootGroup;
			path = jamlyTests;
			sourceTree = "<group>";
		};
		761C50082EE392D70053AD1F /* jamlyUITests */ = {
			isa = PBXFileSystemSynchronizedRootGroup;
			path = jamlyUITests;
			sourceTree = "<group>";
		};
		761C506C2EE45A500053AD1F /* model */ = {
			isa = PBXFileSystemSynchronizedRootGroup;
			path = model;
			sourceTree = "<group>";
		};
/* End PBXFileSystemSynchronizedRootGroup section */

/* Begin PBXFrameworksBuildPhase section */
		761C4FE92EE392D60053AD1F /* Frameworks */ = {
			isa = PBXFrameworksBuildPhase;
			buildActionMask = 2147483647;
			files = (
				76BB5C482EE4F699007B92EB /* Inject in Frameworks */,
			);
			runOnlyForDeploymentPostprocessing = 0;
		};
		761C4FF82EE392D70053AD1F /* Frameworks */ = {
			isa = PBXFrameworksBuildPhase;
			buildActionMask = 2147483647;
			files = (
			);
			runOnlyForDeploymentPostprocessing = 0;
		};
		761C50022EE392D70053AD1F /* Frameworks */ = {
			isa = PBXFrameworksBuildPhase;
			buildActionMask = 2147483647;
			files = (
			);
			runOnlyForDeploymentPostprocessing = 0;
		};
/* End PBXFrameworksBuildPhase section */

/* Begin PBXGroup section */
		76119AB42EFEDB2F00237349 /* Feed */ = {
			isa = PBXGroup;
			children = (
				76119AB32EFEDB2F00237349 /* FeedAction.swift */,
			);
			path = Feed;
			sourceTree = "<group>";
		};
		76119AB62EFEE0DA00237349 /* Functions */ = {
			isa = PBXGroup;
			children = (
				76119ABA2EFEE52100237349 /* FormatDate.swift */,
			);
			path = Functions;
			sourceTree = "<group>";
		};
		76119AB92EFEE13E00237349 /* Extensions */ = {
			isa = PBXGroup;
			children = (
				763EF3BE2EE5FE580096A522 /* Color+Extensions.swift */,
			);
			path = Extensions;
			sourceTree = "<group>";
		};
		76119ABF2EFF11E500237349 /* Follows */ = {
			isa = PBXGroup;
			children = (
				76119ABD2EFF11E500237349 /* FollowersView.swift */,
				76119ABE2EFF11E500237349 /* FollowingView.swift */,
			);
			path = Follows;
			sourceTree = "<group>";
		};
		761C4FE32EE392D60053AD1F = {
			isa = PBXGroup;
			children = (
				761C503A2EE3ABFC0053AD1F /* jamly */,
				761C4FFE2EE392D70053AD1F /* jamlyTests */,
				761C50082EE392D70053AD1F /* jamlyUITests */,
				761C4FED2EE392D60053AD1F /* Products */,
			);
			sourceTree = "<group>";
		};
		761C4FED2EE392D60053AD1F /* Products */ = {
			isa = PBXGroup;
			children = (
				761C4FEC2EE392D60053AD1F /* jamly.app */,
				761C4FFB2EE392D70053AD1F /* jamlyTests.xctest */,
				761C50052EE392D70053AD1F /* jamlyUITests.xctest */,
			);
			name = Products;
			sourceTree = "<group>";
		};
		761C50342EE3ABFC0053AD1F /* Home */ = {
			isa = PBXGroup;
			children = (
				761C50362EE3ABFC0053AD1F /* HomeView.swift */,
			);
			path = Home;
			sourceTree = "<group>";
		};
		761C503A2EE3ABFC0053AD1F /* jamly */ = {
			isa = PBXGroup;
			children = (
				761C50532EE447380053AD1F /* Actions */,
				76A2D3BE2EE4B22800AA6F6E /* App */,
				761C50352EE3ABFC0053AD1F /* Assets.xcassets */,
				761C504C2EE3ACA20053AD1F /* Components */,
				761C50512EE446D90053AD1F /* Core */,
				76119AB92EFEE13E00237349 /* Extensions */,
				76A2D3BD2EE4AF2A00AA6F6E /* Info.plist */,
				76A2D3BC2EE4AF0800AA6F6E /* jamly.entitlements */,
				761C50382EE3ABFC0053AD1F /* jamlyApp.swift */,
				76883EE62EE500F7006A3955 /* Models */,
				761C50522EE447240053AD1F /* Networking */,
				76883EF72EE5CEEA006A3955 /* Ressources */,
				763EF3B82EE5FCBE0096A522 /* SplashScreenView.swift */,
				76883EE52EE500E2006A3955 /* Stores */,
				761C50612EE458870053AD1F /* Utils */,
				76381C542F044095008BB4B0 /* ViewModels */,
			);
			path = jamly;
			sourceTree = "<group>";
		};
		761C50472EE3AC330053AD1F /* Auth */ = {
			isa = PBXGroup;
			children = (
				763EF3C12EE600E00096A522 /* BrandingView.swift */,
				761C506B2EE45A4B0053AD1F /* Login */,
			);
			path = Auth;
			sourceTree = "<group>";
		};
		761C50482EE3AC590053AD1F /* Tabs */ = {
			isa = PBXGroup;
			children = (
				761C50542EE447BD0053AD1F /* MainTabView.swift */,
			);
			path = Tabs;
			sourceTree = "<group>";
		};
		761C504C2EE3ACA20053AD1F /* Components */ = {
			isa = PBXGroup;
			children = (
				796A842B2F097A9C0099766F /* Search */,
				7918D9F22F095F0F00F33AB2 /* Profile */,
				79A162DE2EEC745F004CBDCF /* Comments */,
				76D554362EEC2CB600244164 /* Header.swift */,
				76883EDD2EE50055006A3955 /* TabBar */,
				76883EE02EE5005C006A3955 /* Post */,
				76883EE32EE50062006A3955 /* Home */,
			);
			path = Components;
			sourceTree = "<group>";
		};
		761C50512EE446D90053AD1F /* Core */ = {
			isa = PBXGroup;
			children = (
				C39A5DD42F046C4D00945A76 /* Search */,
				76A2D3BF2EE4B24200AA6F6E /* Music */,
			);
			path = Core;
			sourceTree = "<group>";
		};
		761C50522EE447240053AD1F /* Networking */ = {
			isa = PBXGroup;
			children = (
				761C505D2EE458450053AD1F /* APIClient.swift */,
				761C505B2EE458420053AD1F /* APIError.swift */,
			);
			path = Networking;
			sourceTree = "<group>";
		};
		761C50532EE447380053AD1F /* Actions */ = {
			isa = PBXGroup;
			children = (
				79CA2F202F03307D002C55CC /* Follower */,
				79CA2F1D2F032BBA002C55CC /* Following */,
				79A65FB92F029365000E4FAE /* Comment */,
				C39A5DCF2F0468E100945A76 /* Search */,
				76119AB42EFEDB2F00237349 /* Feed */,
				76385AC12EE76648000B0320 /* Post */,
				76883ED72EE50047006A3955 /* Users */,
				76883EDA2EE5004E006A3955 /* Auth */,
			);
			path = Actions;
			sourceTree = "<group>";
		};
		761C50612EE458870053AD1F /* Utils */ = {
			isa = PBXGroup;
			children = (
				76119AB62EFEE0DA00237349 /* Functions */,
				763EF3B52EE5E5390096A522 /* Schemas */,
				761C50622EE458880053AD1F /* AuthManager.swift */,
			);
			path = Utils;
			sourceTree = "<group>";
		};
		761C506B2EE45A4B0053AD1F /* Login */ = {
			isa = PBXGroup;
			children = (
				761C506F2EE45EB10053AD1F /* OtpLoginView.swift */,
				761C506C2EE45A500053AD1F /* model */,
				763EF3B32EE5D5380096A522 /* LoginView.swift */,
			);
			path = Login;
			sourceTree = "<group>";
		};
		761C50892EE47C290053AD1F /* Profile */ = {
			isa = PBXGroup;
			children = (
				766AF0B22F0D9D32006D36A0 /* ProfilePostThumbnail.swift */,
				76119ABF2EFF11E500237349 /* Follows */,
				76A2D3C22EE4B27A00AA6F6E /* Music */,
				761C508A2EE47C350053AD1F /* ProfileView.swift */,
			);
			path = Profile;
			sourceTree = "<group>";
		};
		762D6ADF2EE6FB9E0022C539 /* Chats */ = {
			isa = PBXGroup;
			children = (
				762D6AE12EE6FBB30022C539 /* ChatsView.swift */,
				76C895192F089F2D0087166B /* ChatDetailView.swift */,
			);
			path = Chats;
			sourceTree = "<group>";
		};
		76381C542F044095008BB4B0 /* ViewModels */ = {
			isa = PBXGroup;
			children = (
				79FA25B62F057264008A9398 /* Following */,
				79FA25B32F05724F008A9398 /* Follower */,
				79FA25B22F057180008A9398 /* Search */,
				796C8C4A2F055F7600EBC3D9 /* Comment */,
				76381C562F0440B4008BB4B0 /* Profile */,
				76381C552F0440A0008BB4B0 /* Post */,
			);
			path = ViewModels;
			sourceTree = "<group>";
		};
		76381C552F0440A0008BB4B0 /* Post */ = {
			isa = PBXGroup;
			children = (
				76381C572F0440C6008BB4B0 /* PostViewModel.swift */,
			);
			path = Post;
			sourceTree = "<group>";
		};
		76381C562F0440B4008BB4B0 /* Profile */ = {
			isa = PBXGroup;
			children = (
				76381C522F04338E008BB4B0 /* ProfileViewModel.swift */,
			);
			path = Profile;
			sourceTree = "<group>";
		};
		76385AC12EE76648000B0320 /* Post */ = {
			isa = PBXGroup;
			children = (
				76385AC22EE76651000B0320 /* PostAction.swift */,
			);
			path = Post;
			sourceTree = "<group>";
		};
		76385AC92EE76A56000B0320 /* Post */ = {
			isa = PBXGroup;
			children = (
				768FFC862F03307C00388CB7 /* PostDetailedView.swift */,
				76204DCB2EE78A8B004C9C93 /* CreatePostView.swift */,
			);
			path = Post;
			sourceTree = "<group>";
		};
		763EF3B52EE5E5390096A522 /* Schemas */ = {
			isa = PBXGroup;
			children = (
				763EF3B62EE5E53F0096A522 /* ValidatorSchemas.swift */,
			);
			path = Schemas;
			sourceTree = "<group>";
		};
		7665D4772F02963F00D420C1 /* Create */ = {
			isa = PBXGroup;
			children = (
				7665D4782F02964100D420C1 /* ImageSourceSheet.swift */,
				7642FF732EE783BF0063DE3A /* MusicPickerView.swift */,
				7642FF712EE783BA0063DE3A /* ImagePicker.swift */,
			);
			path = Create;
			sourceTree = "<group>";
		};
		76883ED72EE50047006A3955 /* Users */ = {
			isa = PBXGroup;
			children = (
				76883ED62EE50047006A3955 /* UserAction.swift */,
			);
			path = Users;
			sourceTree = "<group>";
		};
		76883EDA2EE5004E006A3955 /* Auth */ = {
			isa = PBXGroup;
			children = (
				76883ED92EE5004E006A3955 /* LoginAction.swift */,
			);
			path = Auth;
			sourceTree = "<group>";
		};
		76883EDD2EE50055006A3955 /* TabBar */ = {
			isa = PBXGroup;
			children = (
				76883EDC2EE50055006A3955 /* TabBar.swift */,
			);
			path = TabBar;
			sourceTree = "<group>";
		};
		76883EE02EE5005C006A3955 /* Post */ = {
			isa = PBXGroup;
			children = (
				7665D4772F02963F00D420C1 /* Create */,
				76883EDF2EE5005C006A3955 /* PostCard.swift */,
				793323942EF840D80040755F /* PostView.swift */,
			);
			path = Post;
			sourceTree = "<group>";
		};
		76883EE32EE50062006A3955 /* Home */ = {
			isa = PBXGroup;
			children = (
				76883EE22EE50062006A3955 /* HomeFeed.swift */,
			);
			path = Home;
			sourceTree = "<group>";
		};
		76883EE52EE500E2006A3955 /* Stores */ = {
			isa = PBXGroup;
			children = (
				76883EEB2EE501AC006A3955 /* UserStore.swift */,
				76883EE92EE501A7006A3955 /* SecureStore.swift */,
			);
			path = Stores;
			sourceTree = "<group>";
		};
		76883EE62EE500F7006A3955 /* Models */ = {
			isa = PBXGroup;
			children = (
				79A65FBC2F0295FE000E4FAE /* Comment.swift */,
				C39A5DCB2F04686800945A76 /* Search.swift */,
				76883EE72EE50107006A3955 /* User.swift */,
				76385AC42EE767EC000B0320 /* Post.swift */,
			);
			path = Models;
			sourceTree = "<group>";
		};
		76883EF72EE5CEEA006A3955 /* Ressources */ = {
			isa = PBXGroup;
			children = (
				76883EF82EE5CEF6006A3955 /* Fonts */,
			);
			path = Ressources;
			sourceTree = "<group>";
		};
		76883EF82EE5CEF6006A3955 /* Fonts */ = {
			isa = PBXGroup;
			children = (
				763EF3A92EE5D3490096A522 /* Poppins-BoldItalic.ttf */,
				763EF3AA2EE5D3490096A522 /* Poppins-ExtraBoldItalic.ttf */,
				763EF3AB2EE5D3490096A522 /* Poppins-MediumItalic.ttf */,
				763EF3AC2EE5D3490096A522 /* Poppins-SemiBoldItalic.ttf */,
				76883EF92EE5CF03006A3955 /* Poppins-Bold.ttf */,
				76883EFA2EE5CF03006A3955 /* Poppins-Light.ttf */,
				76883EFB2EE5CF03006A3955 /* Poppins-Medium.ttf */,
				76883EFC2EE5CF03006A3955 /* Poppins-Regular.ttf */,
				76883EFD2EE5CF03006A3955 /* Poppins-SemiBold.ttf */,
			);
			path = Fonts;
			sourceTree = "<group>";
		};
		76A2D3BE2EE4B22800AA6F6E /* App */ = {
			isa = PBXGroup;
			children = (
				761C50472EE3AC330053AD1F /* Auth */,
				762D6ADF2EE6FB9E0022C539 /* Chats */,
				79A162DA2EEC7275004CBDCF /* Comments */,
				76C6771A2EE4DF88009F4D80 /* Discover */,
				761C50342EE3ABFC0053AD1F /* Home */,
				76385AC92EE76A56000B0320 /* Post */,
				C338C8ED2EEC71B200916AED /* Search */,
				761C50892EE47C290053AD1F /* Profile */,
				761C50482EE3AC590053AD1F /* Tabs */,
			);
			path = App;
			sourceTree = "<group>";
		};
		76A2D3BF2EE4B24200AA6F6E /* Music */ = {
			isa = PBXGroup;
			children = (
				76A2D3C02EE4B24500AA6F6E /* MusicManager.swift */,
			);
			path = Music;
			sourceTree = "<group>";
		};
		76A2D3C22EE4B27A00AA6F6E /* Music */ = {
			isa = PBXGroup;
			children = (
				7669989F2EE4EA9600A73250 /* PlaylistDetailView.swift */,
				76A2D3C32EE4B28200AA6F6E /* MusicPlaylistsView.swift */,
			);
			path = Music;
			sourceTree = "<group>";
		};
		76C6771A2EE4DF88009F4D80 /* Discover */ = {
			isa = PBXGroup;
			children = (
				763EF3C32EE614C00096A522 /* DiscoverView.swift */,
			);
			path = Discover;
			sourceTree = "<group>";
		};
		7918D9F22F095F0F00F33AB2 /* Profile */ = {
			isa = PBXGroup;
			children = (
				7918D9F02F095C6500F33AB2 /* UserRow.swift */,
			);
			path = Profile;
			sourceTree = "<group>";
		};
		796A842B2F097A9C0099766F /* Search */ = {
			isa = PBXGroup;
			children = (
				796A84292F097A760099766F /* SearchComponents.swift */,
			);
			path = Search;
			sourceTree = "<group>";
		};
		796C8C4A2F055F7600EBC3D9 /* Comment */ = {
			isa = PBXGroup;
			children = (
				796C8C4B2F055F8000EBC3D9 /* CommentViewModel.swift */,
			);
			path = Comment;
			sourceTree = "<group>";
		};
		79A162DA2EEC7275004CBDCF /* Comments */ = {
			isa = PBXGroup;
			children = (
				7919EE382EF87C4B00C3C63A /* CommentsSheetView.swift */,
			);
			path = Comments;
			sourceTree = "<group>";
		};
		79A162DE2EEC745F004CBDCF /* Comments */ = {
			isa = PBXGroup;
			children = (
				793323892EF80A230040755F /* CommentRow.swift */,
			);
			path = Comments;
			sourceTree = "<group>";
		};
		79A65FB92F029365000E4FAE /* Comment */ = {
			isa = PBXGroup;
			children = (
				79A65FBA2F02937D000E4FAE /* CommentAction.swift */,
			);
			path = Comment;
			sourceTree = "<group>";
		};
		79CA2F1D2F032BBA002C55CC /* Following */ = {
			isa = PBXGroup;
			children = (
				79CA2F1E2F032BD2002C55CC /* FollowingAction.swift */,
			);
			path = Following;
			sourceTree = "<group>";
		};
		79CA2F202F03307D002C55CC /* Follower */ = {
			isa = PBXGroup;
			children = (
				79CA2F212F033082002C55CC /* FollowerAction.swift */,
			);
			path = Follower;
			sourceTree = "<group>";
		};
		79FA25B22F057180008A9398 /* Search */ = {
			isa = PBXGroup;
			children = (
				C39A5DD02F046B9600945A76 /* SearchViewModel.swift */,
			);
			path = Search;
			sourceTree = "<group>";
		};
		79FA25B32F05724F008A9398 /* Follower */ = {
			isa = PBXGroup;
			children = (
				79FA25B42F05725B008A9398 /* FollowerViewModel.swift */,
			);
			path = Follower;
			sourceTree = "<group>";
		};
		79FA25B62F057264008A9398 /* Following */ = {
			isa = PBXGroup;
			children = (
				79FA25B82F05726E008A9398 /* FollowingViewModel.swift */,
			);
			path = Following;
			sourceTree = "<group>";
		};
		C338C8ED2EEC71B200916AED /* Search */ = {
			isa = PBXGroup;
			children = (
				C3A4B1592F01D3A1004F721A /* SearchResultsView.swift */,
				C338C8EE2EEC71BC00916AED /* SearchView.swift */,
			);
			path = Search;
			sourceTree = "<group>";
		};
		C39A5DCF2F0468E100945A76 /* Search */ = {
			isa = PBXGroup;
			children = (
				C39A5DCD2F0468AE00945A76 /* SearchAction.swift */,
			);
			path = Search;
			sourceTree = "<group>";
		};
		C39A5DD42F046C4D00945A76 /* Search */ = {
			isa = PBXGroup;
			children = (
				C39A5DD22F046C0E00945A76 /* SearchHistoryManager.swift */,
			);
			path = Search;
			sourceTree = "<group>";
		};
/* End PBXGroup section */

/* Begin PBXNativeTarget section */
		761C4FEB2EE392D60053AD1F /* jamly */ = {
			isa = PBXNativeTarget;
			buildConfigurationList = 761C500F2EE392D70053AD1F /* Build configuration list for PBXNativeTarget "jamly" */;
			buildPhases = (
				761C4FE82EE392D60053AD1F /* Sources */,
				761C4FE92EE392D60053AD1F /* Frameworks */,
				761C4FEA2EE392D60053AD1F /* Resources */,
			);
			buildRules = (
			);
			dependencies = (
			);
			fileSystemSynchronizedGroups = (
				761C506C2EE45A500053AD1F /* model */,
			);
			name = jamly;
			packageProductDependencies = (
				76BB5C472EE4F699007B92EB /* Inject */,
			);
			productName = jamly;
			productReference = 761C4FEC2EE392D60053AD1F /* jamly.app */;
			productType = "com.apple.product-type.application";
		};
		761C4FFA2EE392D70053AD1F /* jamlyTests */ = {
			isa = PBXNativeTarget;
			buildConfigurationList = 761C50122EE392D70053AD1F /* Build configuration list for PBXNativeTarget "jamlyTests" */;
			buildPhases = (
				761C4FF72EE392D70053AD1F /* Sources */,
				761C4FF82EE392D70053AD1F /* Frameworks */,
				761C4FF92EE392D70053AD1F /* Resources */,
			);
			buildRules = (
			);
			dependencies = (
				761C4FFD2EE392D70053AD1F /* PBXTargetDependency */,
			);
			fileSystemSynchronizedGroups = (
				761C4FFE2EE392D70053AD1F /* jamlyTests */,
			);
			name = jamlyTests;
			packageProductDependencies = (
			);
			productName = jamlyTests;
			productReference = 761C4FFB2EE392D70053AD1F /* jamlyTests.xctest */;
			productType = "com.apple.product-type.bundle.unit-test";
		};
		761C50042EE392D70053AD1F /* jamlyUITests */ = {
			isa = PBXNativeTarget;
			buildConfigurationList = 761C50152EE392D70053AD1F /* Build configuration list for PBXNativeTarget "jamlyUITests" */;
			buildPhases = (
				761C50012EE392D70053AD1F /* Sources */,
				761C50022EE392D70053AD1F /* Frameworks */,
				761C50032EE392D70053AD1F /* Resources */,
			);
			buildRules = (
			);
			dependencies = (
				761C50072EE392D70053AD1F /* PBXTargetDependency */,
			);
			fileSystemSynchronizedGroups = (
				761C50082EE392D70053AD1F /* jamlyUITests */,
			);
			name = jamlyUITests;
			packageProductDependencies = (
			);
			productName = jamlyUITests;
			productReference = 761C50052EE392D70053AD1F /* jamlyUITests.xctest */;
			productType = "com.apple.product-type.bundle.ui-testing";
		};
/* End PBXNativeTarget section */

/* Begin PBXProject section */
		761C4FE42EE392D60053AD1F /* Project object */ = {
			isa = PBXProject;
			attributes = {
				BuildIndependentTargetsInParallel = 1;
				LastSwiftUpdateCheck = 2610;
				LastUpgradeCheck = 2610;
				TargetAttributes = {
					761C4FEB2EE392D60053AD1F = {
						CreatedOnToolsVersion = 26.1.1;
					};
					761C4FFA2EE392D70053AD1F = {
						CreatedOnToolsVersion = 26.1.1;
						TestTargetID = 761C4FEB2EE392D60053AD1F;
					};
					761C50042EE392D70053AD1F = {
						CreatedOnToolsVersion = 26.1.1;
						TestTargetID = 761C4FEB2EE392D60053AD1F;
					};
				};
			};
			buildConfigurationList = 761C4FE72EE392D60053AD1F /* Build configuration list for PBXProject "Jamly" */;
			developmentRegion = en;
			hasScannedForEncodings = 0;
			knownRegions = (
				en,
				Base,
			);
			mainGroup = 761C4FE32EE392D60053AD1F;
			minimizedProjectReferenceProxies = 1;
			packageReferences = (
				76BB5C462EE4F699007B92EB /* XCRemoteSwiftPackageReference "Inject" */,
			);
			preferredProjectObjectVersion = 77;
			productRefGroup = 761C4FED2EE392D60053AD1F /* Products */;
			projectDirPath = "";
			projectRoot = "";
			targets = (
				761C4FEB2EE392D60053AD1F /* jamly */,
				761C4FFA2EE392D70053AD1F /* jamlyTests */,
				761C50042EE392D70053AD1F /* jamlyUITests */,
			);
		};
/* End PBXProject section */

/* Begin PBXResourcesBuildPhase section */
		761C4FEA2EE392D60053AD1F /* Resources */ = {
			isa = PBXResourcesBuildPhase;
			buildActionMask = 2147483647;
			files = (
				761C503B2EE3ABFC0053AD1F /* Assets.xcassets in Resources */,
				76883EFE2EE5CF03006A3955 /* Poppins-SemiBold.ttf in Resources */,
				763EF3AD2EE5D3490096A522 /* Poppins-ExtraBoldItalic.ttf in Resources */,
				763EF3AE2EE5D3490096A522 /* Poppins-BoldItalic.ttf in Resources */,
				763EF3AF2EE5D3490096A522 /* Poppins-SemiBoldItalic.ttf in Resources */,
				763EF3B02EE5D3490096A522 /* Poppins-MediumItalic.ttf in Resources */,
				76883EFF2EE5CF03006A3955 /* Poppins-Medium.ttf in Resources */,
				76883F002EE5CF03006A3955 /* Poppins-Regular.ttf in Resources */,
				76883F012EE5CF03006A3955 /* Poppins-Light.ttf in Resources */,
				76883F022EE5CF03006A3955 /* Poppins-Bold.ttf in Resources */,
			);
			runOnlyForDeploymentPostprocessing = 0;
		};
		761C4FF92EE392D70053AD1F /* Resources */ = {
			isa = PBXResourcesBuildPhase;
			buildActionMask = 2147483647;
			files = (
			);
			runOnlyForDeploymentPostprocessing = 0;
		};
		761C50032EE392D70053AD1F /* Resources */ = {
			isa = PBXResourcesBuildPhase;
			buildActionMask = 2147483647;
			files = (
			);
			runOnlyForDeploymentPostprocessing = 0;
		};
/* End PBXResourcesBuildPhase section */

/* Begin PBXSourcesBuildPhase section */
		761C4FE82EE392D60053AD1F /* Sources */ = {
			isa = PBXSourcesBuildPhase;
			buildActionMask = 2147483647;
			files = (
				79FA25B52F057261008A9398 /* FollowerViewModel.swift in Sources */,
				762D6AE22EE6FBB30022C539 /* ChatsView.swift in Sources */,
				761C50702EE45EB10053AD1F /* OtpLoginView.swift in Sources */,
				766998A02EE4EA9600A73250 /* PlaylistDetailView.swift in Sources */,
				76385AC32EE76651000B0320 /* PostAction.swift in Sources */,
				761C50632EE458880053AD1F /* AuthManager.swift in Sources */,
				761C505E2EE458450053AD1F /* APIClient.swift in Sources */,
				C3A4B15A2F01D3AA004F721A /* SearchResultsView.swift in Sources */,
				79FA25B92F057272008A9398 /* FollowingViewModel.swift in Sources */,
				761C505C2EE458420053AD1F /* APIError.swift in Sources */,
				76883EEC2EE501AC006A3955 /* UserStore.swift in Sources */,
				763EF3B42EE5D5380096A522 /* LoginView.swift in Sources */,
				7665D4792F02964100D420C1 /* ImageSourceSheet.swift in Sources */,
				796A842A2F097A760099766F /* SearchComponents.swift in Sources */,
				768FFC872F03307C00388CB7 /* PostDetailedView.swift in Sources */,
				763EF3C02EE5FEFF0096A522 /* Color+Extensions.swift in Sources */,
				76385AC52EE767EC000B0320 /* Post.swift in Sources */,
				76119AB52EFEDB2F00237349 /* FeedAction.swift in Sources */,
				763EF3B92EE5FCBE0096A522 /* SplashScreenView.swift in Sources */,
				7918D9F12F095C6A00F33AB2 /* UserRow.swift in Sources */,
				763EF3C22EE600E00096A522 /* BrandingView.swift in Sources */,
				79CA2F1F2F032BD5002C55CC /* FollowingAction.swift in Sources */,
				C39A5DD12F046B9600945A76 /* SearchViewModel.swift in Sources */,
				76883EDE2EE50055006A3955 /* TabBar.swift in Sources */,
				763EF3C42EE614C00096A522 /* DiscoverView.swift in Sources */,
				7642FF722EE783BA0063DE3A /* ImagePicker.swift in Sources */,
				C39A5DCE2F0468AE00945A76 /* SearchAction.swift in Sources */,
				7933238A2EF80A230040755F /* CommentRow.swift in Sources */,
				76381C532F04338E008BB4B0 /* ProfileViewModel.swift in Sources */,
				76883EEA2EE501A7006A3955 /* SecureStore.swift in Sources */,
				761C50402EE3ABFC0053AD1F /* HomeView.swift in Sources */,
				761C50552EE447BD0053AD1F /* MainTabView.swift in Sources */,
				763EF3B72EE5E53F0096A522 /* ValidatorSchemas.swift in Sources */,
				79A65FBD2F029600000E4FAE /* Comment.swift in Sources */,
				796C8C4C2F055F8400EBC3D9 /* CommentViewModel.swift in Sources */,
				766AF0B32F0D9D32006D36A0 /* ProfilePostThumbnail.swift in Sources */,
				76883EE82EE50107006A3955 /* User.swift in Sources */,
				76A2D3C42EE4B28200AA6F6E /* MusicPlaylistsView.swift in Sources */,
				79CA2F222F033085002C55CC /* FollowerAction.swift in Sources */,
				7919EE392EF87C4B00C3C63A /* CommentsSheetView.swift in Sources */,
				76C8951A2F089F2D0087166B /* ChatDetailView.swift in Sources */,
				793323952EF840D80040755F /* PostView.swift in Sources */,
				76883EE12EE5005C006A3955 /* PostCard.swift in Sources */,
				76A2D3C12EE4B24500AA6F6E /* MusicManager.swift in Sources */,
				761C508B2EE47C350053AD1F /* ProfileView.swift in Sources */,
				76D554372EEC2CB600244164 /* Header.swift in Sources */,
				761C50422EE3ABFC0053AD1F /* jamlyApp.swift in Sources */,
				C338C8EF2EEC71C200916AED /* SearchView.swift in Sources */,
				76883ED82EE50047006A3955 /* UserAction.swift in Sources */,
				79A65FBB2F02938F000E4FAE /* CommentAction.swift in Sources */,
				C39A5DCC2F04686800945A76 /* Search.swift in Sources */,
				C39A5DD32F046C0E00945A76 /* SearchHistoryManager.swift in Sources */,
				76204DCC2EE78A8B004C9C93 /* CreatePostView.swift in Sources */,
				76381C582F0440C6008BB4B0 /* PostViewModel.swift in Sources */,
				76119AC02EFF11E500237349 /* FollowersView.swift in Sources */,
				76119AC12EFF11E500237349 /* FollowingView.swift in Sources */,
				76119ABB2EFEE52100237349 /* FormatDate.swift in Sources */,
				76883EE42EE50062006A3955 /* HomeFeed.swift in Sources */,
				7642FF742EE783BF0063DE3A /* MusicPickerView.swift in Sources */,
				76883EDB2EE5004E006A3955 /* LoginAction.swift in Sources */,
			);
			runOnlyForDeploymentPostprocessing = 0;
		};
		761C4FF72EE392D70053AD1F /* Sources */ = {
			isa = PBXSourcesBuildPhase;
			buildActionMask = 2147483647;
			files = (
			);
			runOnlyForDeploymentPostprocessing = 0;
		};
		761C50012EE392D70053AD1F /* Sources */ = {
			isa = PBXSourcesBuildPhase;
			buildActionMask = 2147483647;
			files = (
			);
			runOnlyForDeploymentPostprocessing = 0;
		};
/* End PBXSourcesBuildPhase section */

/* Begin PBXTargetDependency section */
		761C4FFD2EE392D70053AD1F /* PBXTargetDependency */ = {
			isa = PBXTargetDependency;
			target = 761C4FEB2EE392D60053AD1F /* jamly */;
			targetProxy = 761C4FFC2EE392D70053AD1F /* PBXContainerItemProxy */;
		};
		761C50072EE392D70053AD1F /* PBXTargetDependency */ = {
			isa = PBXTargetDependency;
			target = 761C4FEB2EE392D60053AD1F /* jamly */;
			targetProxy = 761C50062EE392D70053AD1F /* PBXContainerItemProxy */;
		};
/* End PBXTargetDependency section */

/* Begin XCBuildConfiguration section */
		761C500D2EE392D70053AD1F /* Debug */ = {
			isa = XCBuildConfiguration;
			buildSettings = {
				ALWAYS_SEARCH_USER_PATHS = NO;
				ASSETCATALOG_COMPILER_GENERATE_SWIFT_ASSET_SYMBOL_EXTENSIONS = YES;
				CLANG_ANALYZER_NONNULL = YES;
				CLANG_ANALYZER_NUMBER_OBJECT_CONVERSION = YES_AGGRESSIVE;
				CLANG_CXX_LANGUAGE_STANDARD = "gnu++20";
				CLANG_ENABLE_MODULES = YES;
				CLANG_ENABLE_OBJC_ARC = YES;
				CLANG_ENABLE_OBJC_WEAK = YES;
				CLANG_WARN_BLOCK_CAPTURE_AUTORELEASING = YES;
				CLANG_WARN_BOOL_CONVERSION = YES;
				CLANG_WARN_COMMA = YES;
				CLANG_WARN_CONSTANT_CONVERSION = YES;
				CLANG_WARN_DEPRECATED_OBJC_IMPLEMENTATIONS = YES;
				CLANG_WARN_DIRECT_OBJC_ISA_USAGE = YES_ERROR;
				CLANG_WARN_DOCUMENTATION_COMMENTS = YES;
				CLANG_WARN_EMPTY_BODY = YES;
				CLANG_WARN_ENUM_CONVERSION = YES;
				CLANG_WARN_INFINITE_RECURSION = YES;
				CLANG_WARN_INT_CONVERSION = YES;
				CLANG_WARN_NON_LITERAL_NULL_CONVERSION = YES;
				CLANG_WARN_OBJC_IMPLICIT_RETAIN_SELF = YES;
				CLANG_WARN_OBJC_LITERAL_CONVERSION = YES;
				CLANG_WARN_OBJC_ROOT_CLASS = YES_ERROR;
				CLANG_WARN_QUOTED_INCLUDE_IN_FRAMEWORK_HEADER = YES;
				CLANG_WARN_RANGE_LOOP_ANALYSIS = YES;
				CLANG_WARN_STRICT_PROTOTYPES = YES;
				CLANG_WARN_SUSPICIOUS_MOVE = YES;
				CLANG_WARN_UNGUARDED_AVAILABILITY = YES_AGGRESSIVE;
				CLANG_WARN_UNREACHABLE_CODE = YES;
				CLANG_WARN__DUPLICATE_METHOD_MATCH = YES;
				COPY_PHASE_STRIP = NO;
				DEBUG_INFORMATION_FORMAT = dwarf;
				DEVELOPMENT_TEAM = 9668FMYQJ3;
				ENABLE_STRICT_OBJC_MSGSEND = YES;
				ENABLE_TESTABILITY = YES;
				ENABLE_USER_SCRIPT_SANDBOXING = YES;
				GCC_C_LANGUAGE_STANDARD = gnu17;
				GCC_DYNAMIC_NO_PIC = NO;
				GCC_NO_COMMON_BLOCKS = YES;
				GCC_OPTIMIZATION_LEVEL = 0;
				GCC_PREPROCESSOR_DEFINITIONS = (
					"DEBUG=1",
					"$(inherited)",
				);
				GCC_WARN_64_TO_32_BIT_CONVERSION = YES;
				GCC_WARN_ABOUT_RETURN_TYPE = YES_ERROR;
				GCC_WARN_UNDECLARED_SELECTOR = YES;
				GCC_WARN_UNINITIALIZED_AUTOS = YES_AGGRESSIVE;
				GCC_WARN_UNUSED_FUNCTION = YES;
				GCC_WARN_UNUSED_VARIABLE = YES;
				IPHONEOS_DEPLOYMENT_TARGET = 26.1;
				LOCALIZATION_PREFERS_STRING_CATALOGS = YES;
				MTL_ENABLE_DEBUG_INFO = INCLUDE_SOURCE;
				MTL_FAST_MATH = YES;
				ONLY_ACTIVE_ARCH = YES;
				SDKROOT = iphoneos;
				SWIFT_ACTIVE_COMPILATION_CONDITIONS = "DEBUG $(inherited)";
				SWIFT_OPTIMIZATION_LEVEL = "-Onone";
			};
			name = Debug;
		};
		761C500E2EE392D70053AD1F /* Release */ = {
			isa = XCBuildConfiguration;
			buildSettings = {
				ALWAYS_SEARCH_USER_PATHS = NO;
				ASSETCATALOG_COMPILER_GENERATE_SWIFT_ASSET_SYMBOL_EXTENSIONS = YES;
				CLANG_ANALYZER_NONNULL = YES;
				CLANG_ANALYZER_NUMBER_OBJECT_CONVERSION = YES_AGGRESSIVE;
				CLANG_CXX_LANGUAGE_STANDARD = "gnu++20";
				CLANG_ENABLE_MODULES = YES;
				CLANG_ENABLE_OBJC_ARC = YES;
				CLANG_ENABLE_OBJC_WEAK = YES;
				CLANG_WARN_BLOCK_CAPTURE_AUTORELEASING = YES;
				CLANG_WARN_BOOL_CONVERSION = YES;
				CLANG_WARN_COMMA = YES;
				CLANG_WARN_CONSTANT_CONVERSION = YES;
				CLANG_WARN_DEPRECATED_OBJC_IMPLEMENTATIONS = YES;
				CLANG_WARN_DIRECT_OBJC_ISA_USAGE = YES_ERROR;
				CLANG_WARN_DOCUMENTATION_COMMENTS = YES;
				CLANG_WARN_EMPTY_BODY = YES;
				CLANG_WARN_ENUM_CONVERSION = YES;
				CLANG_WARN_INFINITE_RECURSION = YES;
				CLANG_WARN_INT_CONVERSION = YES;
				CLANG_WARN_NON_LITERAL_NULL_CONVERSION = YES;
				CLANG_WARN_OBJC_IMPLICIT_RETAIN_SELF = YES;
				CLANG_WARN_OBJC_LITERAL_CONVERSION = YES;
				CLANG_WARN_OBJC_ROOT_CLASS = YES_ERROR;
				CLANG_WARN_QUOTED_INCLUDE_IN_FRAMEWORK_HEADER = YES;
				CLANG_WARN_RANGE_LOOP_ANALYSIS = YES;
				CLANG_WARN_STRICT_PROTOTYPES = YES;
				CLANG_WARN_SUSPICIOUS_MOVE = YES;
				CLANG_WARN_UNGUARDED_AVAILABILITY = YES_AGGRESSIVE;
				CLANG_WARN_UNREACHABLE_CODE = YES;
				CLANG_WARN__DUPLICATE_METHOD_MATCH = YES;
				COPY_PHASE_STRIP = NO;
				DEBUG_INFORMATION_FORMAT = "dwarf-with-dsym";
				DEVELOPMENT_TEAM = 9668FMYQJ3;
				ENABLE_NS_ASSERTIONS = NO;
				ENABLE_STRICT_OBJC_MSGSEND = YES;
				ENABLE_USER_SCRIPT_SANDBOXING = YES;
				GCC_C_LANGUAGE_STANDARD = gnu17;
				GCC_NO_COMMON_BLOCKS = YES;
				GCC_WARN_64_TO_32_BIT_CONVERSION = YES;
				GCC_WARN_ABOUT_RETURN_TYPE = YES_ERROR;
				GCC_WARN_UNDECLARED_SELECTOR = YES;
				GCC_WARN_UNINITIALIZED_AUTOS = YES_AGGRESSIVE;
				GCC_WARN_UNUSED_FUNCTION = YES;
				GCC_WARN_UNUSED_VARIABLE = YES;
				IPHONEOS_DEPLOYMENT_TARGET = 26.1;
				LOCALIZATION_PREFERS_STRING_CATALOGS = YES;
				MTL_ENABLE_DEBUG_INFO = NO;
				MTL_FAST_MATH = YES;
				SDKROOT = iphoneos;
				SWIFT_COMPILATION_MODE = wholemodule;
				VALIDATE_PRODUCT = YES;
			};
			name = Release;
		};
		761C50102EE392D70053AD1F /* Debug */ = {
			isa = XCBuildConfiguration;
			buildSettings = {
				ASSETCATALOG_COMPILER_APPICON_NAME = AppIcon;
				ASSETCATALOG_COMPILER_GLOBAL_ACCENT_COLOR_NAME = AccentColor;
				CODE_SIGN_ENTITLEMENTS = jamly/jamly.entitlements;
				CODE_SIGN_IDENTITY = "Apple Development";
				CODE_SIGN_STYLE = Automatic;
				CURRENT_PROJECT_VERSION = 1;
				DEVELOPMENT_TEAM = 9668FMYQJ3;
				ENABLE_PREVIEWS = YES;
				GENERATE_INFOPLIST_FILE = YES;
				INFOPLIST_FILE = jamly/Info.plist;
				INFOPLIST_KEY_CFBundleDisplayName = Jamly;
				INFOPLIST_KEY_NSAppleMusicUsageDescription = "Jamly need access to Apple Music so you can add music to your posts.";
				INFOPLIST_KEY_NSCameraUsageDescription = "Jamly need access to your camera to take photos for your post.";
				INFOPLIST_KEY_NSLocationWhenInUseUsageDescription = "Jamly would like to display your location on your posts.";
				INFOPLIST_KEY_NSPhotoLibraryUsageDescription = "Jamly need access to your photo library to select photos for your posts.";
				INFOPLIST_KEY_UIApplicationSceneManifest_Generation = YES;
				INFOPLIST_KEY_UIApplicationSupportsIndirectInputEvents = YES;
				INFOPLIST_KEY_UILaunchScreen_Generation = YES;
				INFOPLIST_KEY_UIStatusBarStyle = UIStatusBarStyleDarkContent;
				INFOPLIST_KEY_UISupportedInterfaceOrientations = UIInterfaceOrientationPortrait;
				LD_RUNPATH_SEARCH_PATHS = (
					"$(inherited)",
					"@executable_path/Frameworks",
				);
				MARKETING_VERSION = 1.0;
				OTHER_LDFLAGS = "";
				PRODUCT_BUNDLE_IDENTIFIER = com.reverss.jamly;
				PRODUCT_NAME = "$(TARGET_NAME)";
				PROVISIONING_PROFILE_SPECIFIER = "";
				STRING_CATALOG_GENERATE_SYMBOLS = YES;
				SUPPORTED_PLATFORMS = "iphoneos iphonesimulator";
				SUPPORTS_MACCATALYST = NO;
				SUPPORTS_MAC_DESIGNED_FOR_IPHONE_IPAD = NO;
				SUPPORTS_XR_DESIGNED_FOR_IPHONE_IPAD = NO;
				SWIFT_APPROACHABLE_CONCURRENCY = YES;
				SWIFT_DEFAULT_ACTOR_ISOLATION = MainActor;
				SWIFT_EMIT_LOC_STRINGS = YES;
				SWIFT_UPCOMING_FEATURE_MEMBER_IMPORT_VISIBILITY = YES;
				SWIFT_VERSION = 5.0;
				TARGETED_DEVICE_FAMILY = "1,2";
			};
			name = Debug;
		};
		761C50112EE392D70053AD1F /* Release */ = {
			isa = XCBuildConfiguration;
			buildSettings = {
				ASSETCATALOG_COMPILER_APPICON_NAME = AppIcon;
				ASSETCATALOG_COMPILER_GLOBAL_ACCENT_COLOR_NAME = AccentColor;
				CODE_SIGN_ENTITLEMENTS = jamly/jamly.entitlements;
				CODE_SIGN_IDENTITY = "Apple Development";
				CODE_SIGN_STYLE = Automatic;
				CURRENT_PROJECT_VERSION = 1;
				DEVELOPMENT_TEAM = 9668FMYQJ3;
				ENABLE_PREVIEWS = YES;
				GENERATE_INFOPLIST_FILE = YES;
				INFOPLIST_FILE = jamly/Info.plist;
				INFOPLIST_KEY_CFBundleDisplayName = Jamly;
				INFOPLIST_KEY_NSAppleMusicUsageDescription = "Jamly need access to Apple Music so you can add music to your posts.";
				INFOPLIST_KEY_NSCameraUsageDescription = "Jamly need access to your camera to take photos for your post.";
				INFOPLIST_KEY_NSLocationWhenInUseUsageDescription = "Jamly would like to display your location on your posts.";
				INFOPLIST_KEY_NSPhotoLibraryUsageDescription = "Jamly need access to your photo library to select photos for your posts.";
				INFOPLIST_KEY_UIApplicationSceneManifest_Generation = YES;
				INFOPLIST_KEY_UIApplicationSupportsIndirectInputEvents = YES;
				INFOPLIST_KEY_UILaunchScreen_Generation = YES;
				INFOPLIST_KEY_UIStatusBarStyle = UIStatusBarStyleDarkContent;
				INFOPLIST_KEY_UISupportedInterfaceOrientations = UIInterfaceOrientationPortrait;
				LD_RUNPATH_SEARCH_PATHS = (
					"$(inherited)",
					"@executable_path/Frameworks",
				);
				MARKETING_VERSION = 1.0;
				OTHER_LDFLAGS = "";
				PRODUCT_BUNDLE_IDENTIFIER = com.reverss.jamly;
				PRODUCT_NAME = "$(TARGET_NAME)";
				PROVISIONING_PROFILE_SPECIFIER = "";
				STRING_CATALOG_GENERATE_SYMBOLS = YES;
				SUPPORTED_PLATFORMS = "iphoneos iphonesimulator";
				SUPPORTS_MACCATALYST = NO;
				SUPPORTS_MAC_DESIGNED_FOR_IPHONE_IPAD = NO;
				SUPPORTS_XR_DESIGNED_FOR_IPHONE_IPAD = NO;
				SWIFT_APPROACHABLE_CONCURRENCY = YES;
				SWIFT_DEFAULT_ACTOR_ISOLATION = MainActor;
				SWIFT_EMIT_LOC_STRINGS = YES;
				SWIFT_UPCOMING_FEATURE_MEMBER_IMPORT_VISIBILITY = YES;
				SWIFT_VERSION = 5.0;
				TARGETED_DEVICE_FAMILY = "1,2";
			};
			name = Release;
		};
		761C50132EE392D70053AD1F /* Debug */ = {
			isa = XCBuildConfiguration;
			buildSettings = {
				BUNDLE_LOADER = "$(TEST_HOST)";
				CODE_SIGN_STYLE = Automatic;
				CURRENT_PROJECT_VERSION = 1;
				DEVELOPMENT_TEAM = 9668FMYQJ3;
				GENERATE_INFOPLIST_FILE = YES;
				IPHONEOS_DEPLOYMENT_TARGET = 26.1;
				MARKETING_VERSION = 1.0;
				PRODUCT_BUNDLE_IDENTIFIER = com.reverss.jamlyTests;
				PRODUCT_NAME = "$(TARGET_NAME)";
				STRING_CATALOG_GENERATE_SYMBOLS = NO;
				SWIFT_APPROACHABLE_CONCURRENCY = YES;
				SWIFT_EMIT_LOC_STRINGS = NO;
				SWIFT_UPCOMING_FEATURE_MEMBER_IMPORT_VISIBILITY = YES;
				SWIFT_VERSION = 5.0;
				TARGETED_DEVICE_FAMILY = "1,2";
				TEST_HOST = "$(BUILT_PRODUCTS_DIR)/jamly.app/$(BUNDLE_EXECUTABLE_FOLDER_PATH)/jamly";
			};
			name = Debug;
		};
		761C50142EE392D70053AD1F /* Release */ = {
			isa = XCBuildConfiguration;
			buildSettings = {
				BUNDLE_LOADER = "$(TEST_HOST)";
				CODE_SIGN_STYLE = Automatic;
				CURRENT_PROJECT_VERSION = 1;
				DEVELOPMENT_TEAM = 9668FMYQJ3;
				GENERATE_INFOPLIST_FILE = YES;
				IPHONEOS_DEPLOYMENT_TARGET = 26.1;
				MARKETING_VERSION = 1.0;
				PRODUCT_BUNDLE_IDENTIFIER = com.reverss.jamlyTests;
				PRODUCT_NAME = "$(TARGET_NAME)";
				STRING_CATALOG_GENERATE_SYMBOLS = NO;
				SWIFT_APPROACHABLE_CONCURRENCY = YES;
				SWIFT_EMIT_LOC_STRINGS = NO;
				SWIFT_UPCOMING_FEATURE_MEMBER_IMPORT_VISIBILITY = YES;
				SWIFT_VERSION = 5.0;
				TARGETED_DEVICE_FAMILY = "1,2";
				TEST_HOST = "$(BUILT_PRODUCTS_DIR)/jamly.app/$(BUNDLE_EXECUTABLE_FOLDER_PATH)/jamly";
			};
			name = Release;
		};
		761C50162EE392D70053AD1F /* Debug */ = {
			isa = XCBuildConfiguration;
			buildSettings = {
				CODE_SIGN_STYLE = Automatic;
				CURRENT_PROJECT_VERSION = 1;
				DEVELOPMENT_TEAM = 9668FMYQJ3;
				GENERATE_INFOPLIST_FILE = YES;
				MARKETING_VERSION = 1.0;
				PRODUCT_BUNDLE_IDENTIFIER = com.reverss.jamlyUITests;
				PRODUCT_NAME = "$(TARGET_NAME)";
				STRING_CATALOG_GENERATE_SYMBOLS = NO;
				SWIFT_APPROACHABLE_CONCURRENCY = YES;
				SWIFT_EMIT_LOC_STRINGS = NO;
				SWIFT_UPCOMING_FEATURE_MEMBER_IMPORT_VISIBILITY = YES;
				SWIFT_VERSION = 5.0;
				TARGETED_DEVICE_FAMILY = "1,2";
				TEST_TARGET_NAME = jamly;
			};
			name = Debug;
		};
		761C50172EE392D70053AD1F /* Release */ = {
			isa = XCBuildConfiguration;
			buildSettings = {
				CODE_SIGN_STYLE = Automatic;
				CURRENT_PROJECT_VERSION = 1;
				DEVELOPMENT_TEAM = 9668FMYQJ3;
				GENERATE_INFOPLIST_FILE = YES;
				MARKETING_VERSION = 1.0;
				PRODUCT_BUNDLE_IDENTIFIER = com.reverss.jamlyUITests;
				PRODUCT_NAME = "$(TARGET_NAME)";
				STRING_CATALOG_GENERATE_SYMBOLS = NO;
				SWIFT_APPROACHABLE_CONCURRENCY = YES;
				SWIFT_EMIT_LOC_STRINGS = NO;
				SWIFT_UPCOMING_FEATURE_MEMBER_IMPORT_VISIBILITY = YES;
				SWIFT_VERSION = 5.0;
				TARGETED_DEVICE_FAMILY = "1,2";
				TEST_TARGET_NAME = jamly;
			};
			name = Release;
		};
/* End XCBuildConfiguration section */

/* Begin XCConfigurationList section */
		761C4FE72EE392D60053AD1F /* Build configuration list for PBXProject "Jamly" */ = {
			isa = XCConfigurationList;
			buildConfigurations = (
				761C500D2EE392D70053AD1F /* Debug */,
				761C500E2EE392D70053AD1F /* Release */,
			);
			defaultConfigurationIsVisible = 0;
			defaultConfigurationName = Release;
		};
		761C500F2EE392D70053AD1F /* Build configuration list for PBXNativeTarget "jamly" */ = {
			isa = XCConfigurationList;
			buildConfigurations = (
				761C50102EE392D70053AD1F /* Debug */,
				761C50112EE392D70053AD1F /* Release */,
			);
			defaultConfigurationIsVisible = 0;
			defaultConfigurationName = Release;
		};
		761C50122EE392D70053AD1F /* Build configuration list for PBXNativeTarget "jamlyTests" */ = {
			isa = XCConfigurationList;
			buildConfigurations = (
				761C50132EE392D70053AD1F /* Debug */,
				761C50142EE392D70053AD1F /* Release */,
			);
			defaultConfigurationIsVisible = 0;
			defaultConfigurationName = Release;
		};
		761C50152EE392D70053AD1F /* Build configuration list for PBXNativeTarget "jamlyUITests" */ = {
			isa = XCConfigurationList;
			buildConfigurations = (
				761C50162EE392D70053AD1F /* Debug */,
				761C50172EE392D70053AD1F /* Release */,
			);
			defaultConfigurationIsVisible = 0;
			defaultConfigurationName = Release;
		};
/* End XCConfigurationList section */

/* Begin XCRemoteSwiftPackageReference section */
		76BB5C462EE4F699007B92EB /* XCRemoteSwiftPackageReference "Inject" */ = {
			isa = XCRemoteSwiftPackageReference;
			repositoryURL = "https://github.com/krzysztofzablocki/Inject.git";
			requirement = {
				kind = upToNextMajorVersion;
				minimumVersion = 1.5.2;
			};
		};
/* End XCRemoteSwiftPackageReference section */

/* Begin XCSwiftPackageProductDependency section */
		76BB5C472EE4F699007B92EB /* Inject */ = {
			isa = XCSwiftPackageProductDependency;
			package = 76BB5C462EE4F699007B92EB /* XCRemoteSwiftPackageReference "Inject" */;
			productName = Inject;
		};
/* End XCSwiftPackageProductDependency section */
	};
	rootObject = 761C4FE42EE392D60053AD1F /* Project object */;
}
